
Microsoft Visual Studio Solution File, Format Version 12.00
Project("{FAE04EC0-301F-11D3-BF4B-00C04F79EFBC}") = "Holidaymaker_VASS", "Holidaymaker_VASS\Holidaymaker_VASS.csproj", "{6AA987B6-DB3D-45DF-A0DC-D08C3E2A9F6E}"
EndProject
Global
	GlobalSection(SolutionConfigurationPlatforms) = preSolution
		Debug|Any CPU = Debug|Any CPU
		Release|Any CPU = Release|Any CPU
	EndGlobalSection
	GlobalSection(ProjectConfigurationPlatforms) = postSolution
		{6AA987B6-DB3D-45DF-A0DC-D08C3E2A9F6E}.Debug|Any CPU.ActiveCfg = Debug|Any CPU
		{6AA987B6-DB3D-45DF-A0DC-D08C3E2A9F6E}.Debug|Any CPU.Build.0 = Debug|Any CPU
		{6AA987B6-DB3D-45DF-A0DC-D08C3E2A9F6E}.Release|Any CPU.ActiveCfg = Release|Any CPU
		{6AA987B6-DB3D-45DF-A0DC-D08C3E2A9F6E}.Release|Any CPU.Build.0 = Release|Any CPU
	EndGlobalSection
EndGlobal
